
Microsoft Visual Studio Solution File, Format Version 12.00
# Visual Studio Version 17
VisualStudioVersion = 17.0.32112.339
MinimumVisualStudioVersion = 10.0.40219.1
Project("{2150E333-8FDC-42A3-9474-1A3956D46DE8}") = "Providers", "Providers", "{7A320D3D-04FD-4285-B515-FA033E01EE79}"
EndProject
Project("{2150E333-8FDC-42A3-9474-1A3956D46DE8}") = "DNS", "DNS", "{F21CB7B8-6325-4A2B-A192-1F88EF5CAE52}"
EndProject
Project("{2150E333-8FDC-42A3-9474-1A3956D46DE8}") = "Solution Items", "Solution Items", "{BAD809FF-0585-4E9D-AE37-7EE11EBF54AB}"
EndProject
Project("{2150E333-8FDC-42A3-9474-1A3956D46DE8}") = "Shared", "Shared", "{06EA0446-2C92-4859-AEEE-AB4D92AA1D0D}"
EndProject
Project("{9A19103F-16F7-4668-BE54-9A1E7A4F7556}") = "Certify.Models", "Certify.Models\Certify.Models.csproj", "{FA212575-CD6E-40E7-853A-E88CA5DDCB3C}"
EndProject
Project("{2150E333-8FDC-42A3-9474-1A3956D46DE8}") = "ACME", "ACME", "{97D308DA-444F-4B54-A68C-97ADB9D2B9E3}"
EndProject
Project("{2150E333-8FDC-42A3-9474-1A3956D46DE8}") = "Tests", "Tests", "{CBEF94A6-2C5B-48D8-8434-F4DE9D59331D}"
EndProject
Project("{9A19103F-16F7-4668-BE54-9A1E7A4F7556}") = "TestProject1", "TestProject1\TestProject1.csproj", "{D29F009E-56F2-4697-933F-E8085C2A8380}"
EndProject
Project("{2150E333-8FDC-42A3-9474-1A3956D46DE8}") = "Web", "Web", "{4E0E58FB-944B-4D01-BC28-5248FB4053CA}"
EndProject
Project("{FAE04EC0-301F-11D3-BF4B-00C04F79EFBC}") = "CertifyWeb.Server", "Web\CertifyWeb.Server\CertifyWeb.Server.csproj", "{5E436039-8988-4249-BAD9-CD404BFBE1BB}"
EndProject
Project("{54A90642-561A-4BB1-A94E-469ADEE60C69}") = "certifyweb.client", "Web\certifyweb.client\certifyweb.client.esproj", "{E72B3787-DCA9-488B-AA6E-D0412E1495A9}"
EndProject
Project("{FAE04EC0-301F-11D3-BF4B-00C04F79EFBC}") = "Certify.Providers.ACME.Anvil", "Certify.Providers\ACME\Anvil\Certify.Providers.ACME.Anvil.csproj", "{C816529D-409C-4D72-BB0C-B093149F46EE}"
EndProject
Project("{FAE04EC0-301F-11D3-BF4B-00C04F79EFBC}") = "Certify.Locales", "Certify.Locales\Certify.Locales.csproj", "{632DA2CC-B8A7-4FFA-B714-55FD578AE511}"
EndProject
Project("{FAE04EC0-301F-11D3-BF4B-00C04F79EFBC}") = "Plugin.DNS.AcmeDns", "Certify.Providers\DNS\AcmeDns\AcmeDns\Plugin.DNS.AcmeDns.csproj", "{899B91A3-7C6C-471C-865E-7CCCDF1D74BE}"
EndProject
Project("{FAE04EC0-301F-11D3-BF4B-00C04F79EFBC}") = "Plugin.DNS.Aliyun", "Certify.Providers\DNS\Aliyun\Plugin.DNS.Aliyun.csproj", "{401272E9-F32A-4E79-A66F-4540A6FA6A45}"
EndProject
Project("{FAE04EC0-301F-11D3-BF4B-00C04F79EFBC}") = "Plugin.DNS.AWSRoute53", "Certify.Providers\DNS\AWSRoute53\Plugin.DNS.AWSRoute53.csproj", "{A7365DCA-A129-4F55-AFD7-4197426F5950}"
EndProject
Project("{FAE04EC0-301F-11D3-BF4B-00C04F79EFBC}") = "Plugin.DNS.Azure", "Certify.Providers\DNS\Azure\Plugin.DNS.Azure.csproj", "{BBA5BD3D-FCC3-4A45-9CE8-8C988973E0FF}"
EndProject
Project("{FAE04EC0-301F-11D3-BF4B-00C04F79EFBC}") = "Plugin.DNS.CertifyDns", "Certify.Providers\DNS\CertifyDns\Plugin.DNS.CertifyDns.csproj", "{35FD70F4-1CDA-4F94-A264-8D48D83D4252}"
EndProject
Project("{FAE04EC0-301F-11D3-BF4B-00C04F79EFBC}") = "Plugin.DNS.Cloudflare", "Certify.Providers\DNS\Cloudflare\Plugin.DNS.Cloudflare.csproj", "{900100AD-3DAD-4666-AE63-CBB0018A0321}"
EndProject
Project("{FAE04EC0-301F-11D3-BF4B-00C04F79EFBC}") = "Plugin.DNS.DnsMadeEasy", "Certify.Providers\DNS\DnsMadeEasy\Plugin.DNS.DnsMadeEasy.csproj", "{93CB34D3-C7CE-4824-8CFE-CA3ECAFC183B}"
EndProject
Project("{FAE04EC0-301F-11D3-BF4B-00C04F79EFBC}") = "Plugin.DNS.GoDaddy", "Certify.Providers\DNS\GoDaddy\Plugin.DNS.GoDaddy.csproj", "{E33C5332-64D8-4A6E-81CB-5BD41D34FB60}"
EndProject
Project("{FAE04EC0-301F-11D3-BF4B-00C04F79EFBC}") = "Plugin.DNS.IONOS", "Certify.Providers\DNS\IONOS\Plugin.DNS.IONOS.csproj", "{38909539-E578-4B0B-8E4A-D6596FD2F5C3}"
EndProject
Project("{FAE04EC0-301F-11D3-BF4B-00C04F79EFBC}") = "Plugin.DNS.MSDNS", "Certify.Providers\DNS\MSDNS\Plugin.DNS.MSDNS.csproj", "{24099765-DDC2-4601-81F1-F74469E91977}"
EndProject
Project("{FAE04EC0-301F-11D3-BF4B-00C04F79EFBC}") = "Plugin.DNS.NameCheap", "Certify.Providers\DNS\NameCheap\Plugin.DNS.NameCheap.csproj", "{67993BBD-110F-4330-82B0-4AEFF5A9A35B}"
EndProject
Project("{FAE04EC0-301F-11D3-BF4B-00C04F79EFBC}") = "Plugin.DNS.OVH", "Certify.Providers\DNS\OVH\Plugin.DNS.OVH.csproj", "{6172E960-B96C-49BB-A8FA-ECAB4A74481C}"
EndProject
Project("{FAE04EC0-301F-11D3-BF4B-00C04F79EFBC}") = "Plugin.DNS.SimpleDNSPlus", "Certify.Providers\DNS\SimpleDNSPlus\Plugin.DNS.SimpleDNSPlus.csproj", "{A29A04C5-BDE1-4CFA-8B6C-04908893B7C8}"
EndProject
Project("{FAE04EC0-301F-11D3-BF4B-00C04F79EFBC}") = "Plugin.DNS.TransIP", "Certify.Providers\DNS\TransIP\Plugin.DNS.TransIP.csproj", "{AF012775-5952-447E-A073-622DEB0A7834}"
EndProject
Global
	GlobalSection(SolutionConfigurationPlatforms) = preSolution
		Debug|Any CPU = Debug|Any CPU
		Debug|x64 = Debug|x64
		Release|Any CPU = Release|Any CPU
		Release|x64 = Release|x64
	EndGlobalSection
	GlobalSection(ProjectConfigurationPlatforms) = postSolution
		{FA212575-CD6E-40E7-853A-E88CA5DDCB3C}.Debug|Any CPU.ActiveCfg = Debug|Any CPU
		{FA212575-CD6E-40E7-853A-E88CA5DDCB3C}.Debug|Any CPU.Build.0 = Debug|Any CPU
		{FA212575-CD6E-40E7-853A-E88CA5DDCB3C}.Debug|x64.ActiveCfg = Debug|x64
		{FA212575-CD6E-40E7-853A-E88CA5DDCB3C}.Debug|x64.Build.0 = Debug|x64
		{FA212575-CD6E-40E7-853A-E88CA5DDCB3C}.Release|Any CPU.ActiveCfg = Release|Any CPU
		{FA212575-CD6E-40E7-853A-E88CA5DDCB3C}.Release|Any CPU.Build.0 = Release|Any CPU
		{FA212575-CD6E-40E7-853A-E88CA5DDCB3C}.Release|x64.ActiveCfg = Release|x64
		{FA212575-CD6E-40E7-853A-E88CA5DDCB3C}.Release|x64.Build.0 = Release|x64
		{D29F009E-56F2-4697-933F-E8085C2A8380}.Debug|Any CPU.ActiveCfg = Debug|Any CPU
		{D29F009E-56F2-4697-933F-E8085C2A8380}.Debug|Any CPU.Build.0 = Debug|Any CPU
		{D29F009E-56F2-4697-933F-E8085C2A8380}.Debug|x64.ActiveCfg = Debug|Any CPU
		{D29F009E-56F2-4697-933F-E8085C2A8380}.Debug|x64.Build.0 = Debug|Any CPU
		{D29F009E-56F2-4697-933F-E8085C2A8380}.Release|Any CPU.ActiveCfg = Release|Any CPU
		{D29F009E-56F2-4697-933F-E8085C2A8380}.Release|Any CPU.Build.0 = Release|Any CPU
		{D29F009E-56F2-4697-933F-E8085C2A8380}.Release|x64.ActiveCfg = Release|Any CPU
		{D29F009E-56F2-4697-933F-E8085C2A8380}.Release|x64.Build.0 = Release|Any CPU
		{5E436039-8988-4249-BAD9-CD404BFBE1BB}.Debug|Any CPU.ActiveCfg = Debug|Any CPU
		{5E436039-8988-4249-BAD9-CD404BFBE1BB}.Debug|Any CPU.Build.0 = Debug|Any CPU
		{5E436039-8988-4249-BAD9-CD404BFBE1BB}.Debug|x64.ActiveCfg = Debug|Any CPU
		{5E436039-8988-4249-BAD9-CD404BFBE1BB}.Debug|x64.Build.0 = Debug|Any CPU
		{5E436039-8988-4249-BAD9-CD404BFBE1BB}.Release|Any CPU.ActiveCfg = Release|Any CPU
		{5E436039-8988-4249-BAD9-CD404BFBE1BB}.Release|Any CPU.Build.0 = Release|Any CPU
		{5E436039-8988-4249-BAD9-CD404BFBE1BB}.Release|x64.ActiveCfg = Release|Any CPU
		{5E436039-8988-4249-BAD9-CD404BFBE1BB}.Release|x64.Build.0 = Release|Any CPU
		{E72B3787-DCA9-488B-AA6E-D0412E1495A9}.Debug|Any CPU.ActiveCfg = Debug|Any CPU
		{E72B3787-DCA9-488B-AA6E-D0412E1495A9}.Debug|Any CPU.Build.0 = Debug|Any CPU
		{E72B3787-DCA9-488B-AA6E-D0412E1495A9}.Debug|Any CPU.Deploy.0 = Debug|Any CPU
		{E72B3787-DCA9-488B-AA6E-D0412E1495A9}.Debug|x64.ActiveCfg = Debug|Any CPU
		{E72B3787-DCA9-488B-AA6E-D0412E1495A9}.Debug|x64.Build.0 = Debug|Any CPU
		{E72B3787-DCA9-488B-AA6E-D0412E1495A9}.Debug|x64.Deploy.0 = Debug|Any CPU
		{E72B3787-DCA9-488B-AA6E-D0412E1495A9}.Release|Any CPU.ActiveCfg = Release|Any CPU
		{E72B3787-DCA9-488B-AA6E-D0412E1495A9}.Release|Any CPU.Build.0 = Release|Any CPU
		{E72B3787-DCA9-488B-AA6E-D0412E1495A9}.Release|Any CPU.Deploy.0 = Release|Any CPU
		{E72B3787-DCA9-488B-AA6E-D0412E1495A9}.Release|x64.ActiveCfg = Release|Any CPU
		{E72B3787-DCA9-488B-AA6E-D0412E1495A9}.Release|x64.Build.0 = Release|Any CPU
		{E72B3787-DCA9-488B-AA6E-D0412E1495A9}.Release|x64.Deploy.0 = Release|Any CPU
		{C816529D-409C-4D72-BB0C-B093149F46EE}.Debug|Any CPU.ActiveCfg = Debug|Any CPU
		{C816529D-409C-4D72-BB0C-B093149F46EE}.Debug|Any CPU.Build.0 = Debug|Any CPU
		{C816529D-409C-4D72-BB0C-B093149F46EE}.Debug|x64.ActiveCfg = Debug|Any CPU
		{C816529D-409C-4D72-BB0C-B093149F46EE}.Debug|x64.Build.0 = Debug|Any CPU
		{C816529D-409C-4D72-BB0C-B093149F46EE}.Release|Any CPU.ActiveCfg = Release|Any CPU
		{C816529D-409C-4D72-BB0C-B093149F46EE}.Release|Any CPU.Build.0 = Release|Any CPU
		{C816529D-409C-4D72-BB0C-B093149F46EE}.Release|x64.ActiveCfg = Release|Any CPU
		{C816529D-409C-4D72-BB0C-B093149F46EE}.Release|x64.Build.0 = Release|Any CPU
		{632DA2CC-B8A7-4FFA-B714-55FD578AE511}.Debug|Any CPU.ActiveCfg = Debug|Any CPU
		{632DA2CC-B8A7-4FFA-B714-55FD578AE511}.Debug|Any CPU.Build.0 = Debug|Any CPU
		{632DA2CC-B8A7-4FFA-B714-55FD578AE511}.Debug|x64.ActiveCfg = Debug|Any CPU
		{632DA2CC-B8A7-4FFA-B714-55FD578AE511}.Debug|x64.Build.0 = Debug|Any CPU
		{632DA2CC-B8A7-4FFA-B714-55FD578AE511}.Release|Any CPU.ActiveCfg = Release|Any CPU
		{632DA2CC-B8A7-4FFA-B714-55FD578AE511}.Release|Any CPU.Build.0 = Release|Any CPU
		{632DA2CC-B8A7-4FFA-B714-55FD578AE511}.Release|x64.ActiveCfg = Release|Any CPU
		{632DA2CC-B8A7-4FFA-B714-55FD578AE511}.Release|x64.Build.0 = Release|Any CPU
		{899B91A3-7C6C-471C-865E-7CCCDF1D74BE}.Debug|Any CPU.ActiveCfg = Debug|Any CPU
		{899B91A3-7C6C-471C-865E-7CCCDF1D74BE}.Debug|Any CPU.Build.0 = Debug|Any CPU
		{899B91A3-7C6C-471C-865E-7CCCDF1D74BE}.Debug|x64.ActiveCfg = Debug|Any CPU
		{899B91A3-7C6C-471C-865E-7CCCDF1D74BE}.Debug|x64.Build.0 = Debug|Any CPU
		{899B91A3-7C6C-471C-865E-7CCCDF1D74BE}.Release|Any CPU.ActiveCfg = Release|Any CPU
		{899B91A3-7C6C-471C-865E-7CCCDF1D74BE}.Release|Any CPU.Build.0 = Release|Any CPU
		{899B91A3-7C6C-471C-865E-7CCCDF1D74BE}.Release|x64.ActiveCfg = Release|Any CPU
		{899B91A3-7C6C-471C-865E-7CCCDF1D74BE}.Release|x64.Build.0 = Release|Any CPU
		{401272E9-F32A-4E79-A66F-4540A6FA6A45}.Debug|Any CPU.ActiveCfg = Debug|Any CPU
		{401272E9-F32A-4E79-A66F-4540A6FA6A45}.Debug|Any CPU.Build.0 = Debug|Any CPU
		{401272E9-F32A-4E79-A66F-4540A6FA6A45}.Debug|x64.ActiveCfg = Debug|Any CPU
		{401272E9-F32A-4E79-A66F-4540A6FA6A45}.Debug|x64.Build.0 = Debug|Any CPU
		{401272E9-F32A-4E79-A66F-4540A6FA6A45}.Release|Any CPU.ActiveCfg = Release|Any CPU
		{401272E9-F32A-4E79-A66F-4540A6FA6A45}.Release|Any CPU.Build.0 = Release|Any CPU
		{401272E9-F32A-4E79-A66F-4540A6FA6A45}.Release|x64.ActiveCfg = Release|Any CPU
		{401272E9-F32A-4E79-A66F-4540A6FA6A45}.Release|x64.Build.0 = Release|Any CPU
		{A7365DCA-A129-4F55-AFD7-4197426F5950}.Debug|Any CPU.ActiveCfg = Debug|Any CPU
		{A7365DCA-A129-4F55-AFD7-4197426F5950}.Debug|Any CPU.Build.0 = Debug|Any CPU
		{A7365DCA-A129-4F55-AFD7-4197426F5950}.Debug|x64.ActiveCfg = Debug|Any CPU
		{A7365DCA-A129-4F55-AFD7-4197426F5950}.Debug|x64.Build.0 = Debug|Any CPU
		{A7365DCA-A129-4F55-AFD7-4197426F5950}.Release|Any CPU.ActiveCfg = Release|Any CPU
		{A7365DCA-A129-4F55-AFD7-4197426F5950}.Release|Any CPU.Build.0 = Release|Any CPU
		{A7365DCA-A129-4F55-AFD7-4197426F5950}.Release|x64.ActiveCfg = Release|Any CPU
		{A7365DCA-A129-4F55-AFD7-4197426F5950}.Release|x64.Build.0 = Release|Any CPU
		{BBA5BD3D-FCC3-4A45-9CE8-8C988973E0FF}.Debug|Any CPU.ActiveCfg = Debug|Any CPU
		{BBA5BD3D-FCC3-4A45-9CE8-8C988973E0FF}.Debug|Any CPU.Build.0 = Debug|Any CPU
		{BBA5BD3D-FCC3-4A45-9CE8-8C988973E0FF}.Debug|x64.ActiveCfg = Debug|Any CPU
		{BBA5BD3D-FCC3-4A45-9CE8-8C988973E0FF}.Debug|x64.Build.0 = Debug|Any CPU
		{BBA5BD3D-FCC3-4A45-9CE8-8C988973E0FF}.Release|Any CPU.ActiveCfg = Release|Any CPU
		{BBA5BD3D-FCC3-4A45-9CE8-8C988973E0FF}.Release|Any CPU.Build.0 = Release|Any CPU
		{BBA5BD3D-FCC3-4A45-9CE8-8C988973E0FF}.Release|x64.ActiveCfg = Release|Any CPU
		{BBA5BD3D-FCC3-4A45-9CE8-8C988973E0FF}.Release|x64.Build.0 = Release|Any CPU
		{35FD70F4-1CDA-4F94-A264-8D48D83D4252}.Debug|Any CPU.ActiveCfg = Debug|Any CPU
		{35FD70F4-1CDA-4F94-A264-8D48D83D4252}.Debug|Any CPU.Build.0 = Debug|Any CPU
		{35FD70F4-1CDA-4F94-A264-8D48D83D4252}.Debug|x64.ActiveCfg = Debug|Any CPU
		{35FD70F4-1CDA-4F94-A264-8D48D83D4252}.Debug|x64.Build.0 = Debug|Any CPU
		{35FD70F4-1CDA-4F94-A264-8D48D83D4252}.Release|Any CPU.ActiveCfg = Release|Any CPU
		{35FD70F4-1CDA-4F94-A264-8D48D83D4252}.Release|Any CPU.Build.0 = Release|Any CPU
		{35FD70F4-1CDA-4F94-A264-8D48D83D4252}.Release|x64.ActiveCfg = Release|Any CPU
		{35FD70F4-1CDA-4F94-A264-8D48D83D4252}.Release|x64.Build.0 = Release|Any CPU
		{900100AD-3DAD-4666-AE63-CBB0018A0321}.Debug|Any CPU.ActiveCfg = Debug|Any CPU
		{900100AD-3DAD-4666-AE63-CBB0018A0321}.Debug|Any CPU.Build.0 = Debug|Any CPU
		{900100AD-3DAD-4666-AE63-CBB0018A0321}.Debug|x64.ActiveCfg = Debug|Any CPU
		{900100AD-3DAD-4666-AE63-CBB0018A0321}.Debug|x64.Build.0 = Debug|Any CPU
		{900100AD-3DAD-4666-AE63-CBB0018A0321}.Release|Any CPU.ActiveCfg = Release|Any CPU
		{900100AD-3DAD-4666-AE63-CBB0018A0321}.Release|Any CPU.Build.0 = Release|Any CPU
		{900100AD-3DAD-4666-AE63-CBB0018A0321}.Release|x64.ActiveCfg = Release|Any CPU
		{900100AD-3DAD-4666-AE63-CBB0018A0321}.Release|x64.Build.0 = Release|Any CPU
		{93CB34D3-C7CE-4824-8CFE-CA3ECAFC183B}.Debug|Any CPU.ActiveCfg = Debug|Any CPU
		{93CB34D3-C7CE-4824-8CFE-CA3ECAFC183B}.Debug|Any CPU.Build.0 = Debug|Any CPU
		{93CB34D3-C7CE-4824-8CFE-CA3ECAFC183B}.Debug|x64.ActiveCfg = Debug|Any CPU
		{93CB34D3-C7CE-4824-8CFE-CA3ECAFC183B}.Debug|x64.Build.0 = Debug|Any CPU
		{93CB34D3-C7CE-4824-8CFE-CA3ECAFC183B}.Release|Any CPU.ActiveCfg = Release|Any CPU
		{93CB34D3-C7CE-4824-8CFE-CA3ECAFC183B}.Release|Any CPU.Build.0 = Release|Any CPU
		{93CB34D3-C7CE-4824-8CFE-CA3ECAFC183B}.Release|x64.ActiveCfg = Release|Any CPU
		{93CB34D3-C7CE-4824-8CFE-CA3ECAFC183B}.Release|x64.Build.0 = Release|Any CPU
		{E33C5332-64D8-4A6E-81CB-5BD41D34FB60}.Debug|Any CPU.ActiveCfg = Debug|Any CPU
		{E33C5332-64D8-4A6E-81CB-5BD41D34FB60}.Debug|Any CPU.Build.0 = Debug|Any CPU
		{E33C5332-64D8-4A6E-81CB-5BD41D34FB60}.Debug|x64.ActiveCfg = Debug|Any CPU
		{E33C5332-64D8-4A6E-81CB-5BD41D34FB60}.Debug|x64.Build.0 = Debug|Any CPU
		{E33C5332-64D8-4A6E-81CB-5BD41D34FB60}.Release|Any CPU.ActiveCfg = Release|Any CPU
		{E33C5332-64D8-4A6E-81CB-5BD41D34FB60}.Release|Any CPU.Build.0 = Release|Any CPU
		{E33C5332-64D8-4A6E-81CB-5BD41D34FB60}.Release|x64.ActiveCfg = Release|Any CPU
		{E33C5332-64D8-4A6E-81CB-5BD41D34FB60}.Release|x64.Build.0 = Release|Any CPU
		{38909539-E578-4B0B-8E4A-D6596FD2F5C3}.Debug|Any CPU.ActiveCfg = Debug|Any CPU
		{38909539-E578-4B0B-8E4A-D6596FD2F5C3}.Debug|Any CPU.Build.0 = Debug|Any CPU
		{38909539-E578-4B0B-8E4A-D6596FD2F5C3}.Debug|x64.ActiveCfg = Debug|Any CPU
		{38909539-E578-4B0B-8E4A-D6596FD2F5C3}.Debug|x64.Build.0 = Debug|Any CPU
		{38909539-E578-4B0B-8E4A-D6596FD2F5C3}.Release|Any CPU.ActiveCfg = Release|Any CPU
		{38909539-E578-4B0B-8E4A-D6596FD2F5C3}.Release|Any CPU.Build.0 = Release|Any CPU
		{38909539-E578-4B0B-8E4A-D6596FD2F5C3}.Release|x64.ActiveCfg = Release|Any CPU
		{38909539-E578-4B0B-8E4A-D6596FD2F5C3}.Release|x64.Build.0 = Release|Any CPU
		{24099765-DDC2-4601-81F1-F74469E91977}.Debug|Any CPU.ActiveCfg = Debug|Any CPU
		{24099765-DDC2-4601-81F1-F74469E91977}.Debug|Any CPU.Build.0 = Debug|Any CPU
		{24099765-DDC2-4601-81F1-F74469E91977}.Debug|x64.ActiveCfg = Debug|Any CPU
		{24099765-DDC2-4601-81F1-F74469E91977}.Debug|x64.Build.0 = Debug|Any CPU
		{24099765-DDC2-4601-81F1-F74469E91977}.Release|Any CPU.ActiveCfg = Release|Any CPU
		{24099765-DDC2-4601-81F1-F74469E91977}.Release|Any CPU.Build.0 = Release|Any CPU
		{24099765-DDC2-4601-81F1-F74469E91977}.Release|x64.ActiveCfg = Release|Any CPU
		{24099765-DDC2-4601-81F1-F74469E91977}.Release|x64.Build.0 = Release|Any CPU
		{67993BBD-110F-4330-82B0-4AEFF5A9A35B}.Debug|Any CPU.ActiveCfg = Debug|Any CPU
		{67993BBD-110F-4330-82B0-4AEFF5A9A35B}.Debug|Any CPU.Build.0 = Debug|Any CPU
		{67993BBD-110F-4330-82B0-4AEFF5A9A35B}.Debug|x64.ActiveCfg = Debug|Any CPU
		{67993BBD-110F-4330-82B0-4AEFF5A9A35B}.Debug|x64.Build.0 = Debug|Any CPU
		{67993BBD-110F-4330-82B0-4AEFF5A9A35B}.Release|Any CPU.ActiveCfg = Release|Any CPU
		{67993BBD-110F-4330-82B0-4AEFF5A9A35B}.Release|Any CPU.Build.0 = Release|Any CPU
		{67993BBD-110F-4330-82B0-4AEFF5A9A35B}.Release|x64.ActiveCfg = Release|Any CPU
		{67993BBD-110F-4330-82B0-4AEFF5A9A35B}.Release|x64.Build.0 = Release|Any CPU
		{6172E960-B96C-49BB-A8FA-ECAB4A74481C}.Debug|Any CPU.ActiveCfg = Debug|Any CPU
		{6172E960-B96C-49BB-A8FA-ECAB4A74481C}.Debug|Any CPU.Build.0 = Debug|Any CPU
		{6172E960-B96C-49BB-A8FA-ECAB4A74481C}.Debug|x64.ActiveCfg = Debug|Any CPU
		{6172E960-B96C-49BB-A8FA-ECAB4A74481C}.Debug|x64.Build.0 = Debug|Any CPU
		{6172E960-B96C-49BB-A8FA-ECAB4A74481C}.Release|Any CPU.ActiveCfg = Release|Any CPU
		{6172E960-B96C-49BB-A8FA-ECAB4A74481C}.Release|Any CPU.Build.0 = Release|Any CPU
		{6172E960-B96C-49BB-A8FA-ECAB4A74481C}.Release|x64.ActiveCfg = Release|Any CPU
		{6172E960-B96C-49BB-A8FA-ECAB4A74481C}.Release|x64.Build.0 = Release|Any CPU
		{A29A04C5-BDE1-4CFA-8B6C-04908893B7C8}.Debug|Any CPU.ActiveCfg = Debug|Any CPU
		{A29A04C5-BDE1-4CFA-8B6C-04908893B7C8}.Debug|Any CPU.Build.0 = Debug|Any CPU
		{A29A04C5-BDE1-4CFA-8B6C-04908893B7C8}.Debug|x64.ActiveCfg = Debug|Any CPU
		{A29A04C5-BDE1-4CFA-8B6C-04908893B7C8}.Debug|x64.Build.0 = Debug|Any CPU
		{A29A04C5-BDE1-4CFA-8B6C-04908893B7C8}.Release|Any CPU.ActiveCfg = Release|Any CPU
		{A29A04C5-BDE1-4CFA-8B6C-04908893B7C8}.Release|Any CPU.Build.0 = Release|Any CPU
		{A29A04C5-BDE1-4CFA-8B6C-04908893B7C8}.Release|x64.ActiveCfg = Release|Any CPU
		{A29A04C5-BDE1-4CFA-8B6C-04908893B7C8}.Release|x64.Build.0 = Release|Any CPU
		{AF012775-5952-447E-A073-622DEB0A7834}.Debug|Any CPU.ActiveCfg = Debug|Any CPU
		{AF012775-5952-447E-A073-622DEB0A7834}.Debug|Any CPU.Build.0 = Debug|Any CPU
		{AF012775-5952-447E-A073-622DEB0A7834}.Debug|x64.ActiveCfg = Debug|Any CPU
		{AF012775-5952-447E-A073-622DEB0A7834}.Debug|x64.Build.0 = Debug|Any CPU
		{AF012775-5952-447E-A073-622DEB0A7834}.Release|Any CPU.ActiveCfg = Release|Any CPU
		{AF012775-5952-447E-A073-622DEB0A7834}.Release|Any CPU.Build.0 = Release|Any CPU
		{AF012775-5952-447E-A073-622DEB0A7834}.Release|x64.ActiveCfg = Release|Any CPU
		{AF012775-5952-447E-A073-622DEB0A7834}.Release|x64.Build.0 = Release|Any CPU
	EndGlobalSection
	GlobalSection(SolutionProperties) = preSolution
		HideSolutionNode = FALSE
	EndGlobalSection
	GlobalSection(NestedProjects) = preSolution
		{F21CB7B8-6325-4A2B-A192-1F88EF5CAE52} = {7A320D3D-04FD-4285-B515-FA033E01EE79}
		{FA212575-CD6E-40E7-853A-E88CA5DDCB3C} = {06EA0446-2C92-4859-AEEE-AB4D92AA1D0D}
		{97D308DA-444F-4B54-A68C-97ADB9D2B9E3} = {7A320D3D-04FD-4285-B515-FA033E01EE79}
		{D29F009E-56F2-4697-933F-E8085C2A8380} = {CBEF94A6-2C5B-48D8-8434-F4DE9D59331D}
		{5E436039-8988-4249-BAD9-CD404BFBE1BB} = {4E0E58FB-944B-4D01-BC28-5248FB4053CA}
		{E72B3787-DCA9-488B-AA6E-D0412E1495A9} = {4E0E58FB-944B-4D01-BC28-5248FB4053CA}
		{C816529D-409C-4D72-BB0C-B093149F46EE} = {97D308DA-444F-4B54-A68C-97ADB9D2B9E3}
		{632DA2CC-B8A7-4FFA-B714-55FD578AE511} = {06EA0446-2C92-4859-AEEE-AB4D92AA1D0D}
		{899B91A3-7C6C-471C-865E-7CCCDF1D74BE} = {F21CB7B8-6325-4A2B-A192-1F88EF5CAE52}
		{401272E9-F32A-4E79-A66F-4540A6FA6A45} = {F21CB7B8-6325-4A2B-A192-1F88EF5CAE52}
		{A7365DCA-A129-4F55-AFD7-4197426F5950} = {F21CB7B8-6325-4A2B-A192-1F88EF5CAE52}
		{BBA5BD3D-FCC3-4A45-9CE8-8C988973E0FF} = {F21CB7B8-6325-4A2B-A192-1F88EF5CAE52}
		{35FD70F4-1CDA-4F94-A264-8D48D83D4252} = {F21CB7B8-6325-4A2B-A192-1F88EF5CAE52}
		{900100AD-3DAD-4666-AE63-CBB0018A0321} = {F21CB7B8-6325-4A2B-A192-1F88EF5CAE52}
		{93CB34D3-C7CE-4824-8CFE-CA3ECAFC183B} = {F21CB7B8-6325-4A2B-A192-1F88EF5CAE52}
		{E33C5332-64D8-4A6E-81CB-5BD41D34FB60} = {F21CB7B8-6325-4A2B-A192-1F88EF5CAE52}
		{38909539-E578-4B0B-8E4A-D6596FD2F5C3} = {F21CB7B8-6325-4A2B-A192-1F88EF5CAE52}
		{24099765-DDC2-4601-81F1-F74469E91977} = {F21CB7B8-6325-4A2B-A192-1F88EF5CAE52}
		{67993BBD-110F-4330-82B0-4AEFF5A9A35B} = {F21CB7B8-6325-4A2B-A192-1F88EF5CAE52}
		{6172E960-B96C-49BB-A8FA-ECAB4A74481C} = {F21CB7B8-6325-4A2B-A192-1F88EF5CAE52}
		{A29A04C5-BDE1-4CFA-8B6C-04908893B7C8} = {F21CB7B8-6325-4A2B-A192-1F88EF5CAE52}
		{AF012775-5952-447E-A073-622DEB0A7834} = {F21CB7B8-6325-4A2B-A192-1F88EF5CAE52}
	EndGlobalSection
	GlobalSection(ExtensibilityGlobals) = postSolution
		SolutionGuid = {7D87119D-2FD5-4A88-927A-1B3E2F340813}
	EndGlobalSection
EndGlobal
