
Microsoft Visual Studio Solution File, Format Version 12.00
# Visual Studio Version 17
VisualStudioVersion = 17.0.32112.339
MinimumVisualStudioVersion = 10.0.40219.1
Project("{2150E333-8FDC-42A3-9474-1A3956D46DE8}") = "Providers", "Providers", "{7A320D3D-04FD-4285-B515-FA033E01EE79}"
EndProject
Project("{2150E333-8FDC-42A3-9474-1A3956D46DE8}") = "DNS", "DNS", "{F21CB7B8-6325-4A2B-A192-1F88EF5CAE52}"
EndProject
Project("{9A19103F-16F7-4668-BE54-9A1E7A4F7556}") = "Plugin.DNS.AcmeDns", "Certify.Providers\DNS\AcmeDns\AcmeDns\Plugin.DNS.AcmeDns.csproj", "{B2FE099B-E076-4D02-B3D9-D8EFF5D02DE2}"
EndProject
Project("{9A19103F-16F7-4668-BE54-9A1E7A4F7556}") = "Plugin.DNS.Aliyun", "Certify.Providers\DNS\Aliyun\Plugin.DNS.Aliyun.csproj", "{55E48B4F-8139-403A-9EB2-53B2BD2A9785}"
EndProject
Project("{9A19103F-16F7-4668-BE54-9A1E7A4F7556}") = "Plugin.DNS.AWSRoute53", "Certify.Providers\DNS\AWSRoute53\Plugin.DNS.AWSRoute53.csproj", "{A2DF31FF-5A1D-4871-B3D2-882F73E46E3A}"
EndProject
Project("{9A19103F-16F7-4668-BE54-9A1E7A4F7556}") = "Plugin.DNS.Azure", "Certify.Providers\DNS\Azure\Plugin.DNS.Azure.csproj", "{A1EA06B5-DA0F-48D7-88D9-8982D73B2CC6}"
EndProject
Project("{9A19103F-16F7-4668-BE54-9A1E7A4F7556}") = "Plugin.DNS.CertifyDns", "Certify.Providers\DNS\CertifyDns\Plugin.DNS.CertifyDns.csproj", "{26C260F3-6528-4200-87D7-D0D639A40B80}"
EndProject
Project("{9A19103F-16F7-4668-BE54-9A1E7A4F7556}") = "Plugin.DNS.Cloudflare", "Certify.Providers\DNS\Cloudflare\Plugin.DNS.Cloudflare.csproj", "{48D90C06-F9EF-4C62-8E40-9D15116B701F}"
EndProject
Project("{9A19103F-16F7-4668-BE54-9A1E7A4F7556}") = "Plugin.DNS.DnsMadeEasy", "Certify.Providers\DNS\DnsMadeEasy\Plugin.DNS.DnsMadeEasy.csproj", "{AEEE6DF5-F753-4326-A730-FF6716109D3F}"
EndProject
Project("{9A19103F-16F7-4668-BE54-9A1E7A4F7556}") = "Plugin.DNS.GoDaddy", "Certify.Providers\DNS\GoDaddy\Plugin.DNS.GoDaddy.csproj", "{CB5C5ED1-C414-4445-BD64-EB336BD59306}"
EndProject
Project("{9A19103F-16F7-4668-BE54-9A1E7A4F7556}") = "Plugin.DNS.IONOS", "Certify.Providers\DNS\IONOS\Plugin.DNS.IONOS.csproj", "{33407419-0783-4E54-A97D-B4CAE7CC165B}"
EndProject
Project("{9A19103F-16F7-4668-BE54-9A1E7A4F7556}") = "Plugin.DNS.MSDNS", "Certify.Providers\DNS\MSDNS\Plugin.DNS.MSDNS.csproj", "{D080BF33-7330-4CAB-8925-A846107181C4}"
EndProject
Project("{9A19103F-16F7-4668-BE54-9A1E7A4F7556}") = "Plugin.DNS.NameCheap", "Certify.Providers\DNS\NameCheap\Plugin.DNS.NameCheap.csproj", "{E1367243-2BFC-4EA9-B193-8674C1DE26D6}"
EndProject
Project("{9A19103F-16F7-4668-BE54-9A1E7A4F7556}") = "Plugin.DNS.OVH", "Certify.Providers\DNS\OVH\Plugin.DNS.OVH.csproj", "{C2FC8252-DDF2-434A-B53F-75E9D37B7C2C}"
EndProject
Project("{9A19103F-16F7-4668-BE54-9A1E7A4F7556}") = "Plugin.DNS.SimpleDNSPlus", "Certify.Providers\DNS\SimpleDNSPlus\Plugin.DNS.SimpleDNSPlus.csproj", "{490AD0D4-0B3B-4B40-88CC-E4D2426897D9}"
EndProject
Project("{9A19103F-16F7-4668-BE54-9A1E7A4F7556}") = "Plugin.DNS.TransIP", "Certify.Providers\DNS\TransIP\Plugin.DNS.TransIP.csproj", "{DF77950C-3034-4C60-9261-32A0E42963B2}"
EndProject
Project("{2150E333-8FDC-42A3-9474-1A3956D46DE8}") = "Solution Items", "Solution Items", "{BAD809FF-0585-4E9D-AE37-7EE11EBF54AB}"
EndProject
Project("{2150E333-8FDC-42A3-9474-1A3956D46DE8}") = "Shared", "Shared", "{06EA0446-2C92-4859-AEEE-AB4D92AA1D0D}"
EndProject
Project("{9A19103F-16F7-4668-BE54-9A1E7A4F7556}") = "Certify.Models", "Certify.Models\Certify.Models.csproj", "{FA212575-CD6E-40E7-853A-E88CA5DDCB3C}"
EndProject
Project("{2150E333-8FDC-42A3-9474-1A3956D46DE8}") = "ACME", "ACME", "{97D308DA-444F-4B54-A68C-97ADB9D2B9E3}"
EndProject
Project("{9A19103F-16F7-4668-BE54-9A1E7A4F7556}") = "Certify.Providers.ACME.Certes", "Certify.Providers\ACME\Certes\Certify.Providers.ACME.Certes.csproj", "{E13894BE-2E61-4955-985D-FCA6E657BAAA}"
EndProject
Project("{2150E333-8FDC-42A3-9474-1A3956D46DE8}") = "Tests", "Tests", "{CBEF94A6-2C5B-48D8-8434-F4DE9D59331D}"
EndProject
Project("{9A19103F-16F7-4668-BE54-9A1E7A4F7556}") = "TestProject1", "TestProject1\TestProject1.csproj", "{D29F009E-56F2-4697-933F-E8085C2A8380}"
EndProject
Project("{9A19103F-16F7-4668-BE54-9A1E7A4F7556}") = "Certify.Locales", "Certify.Locales\Certify.Locales.csproj", "{0A423F1B-6E59-43E3-B31B-2B61FD0A511C}"
EndProject
Project("{2150E333-8FDC-42A3-9474-1A3956D46DE8}") = "Web", "Web", "{4E0E58FB-944B-4D01-BC28-5248FB4053CA}"
EndProject
Project("{FAE04EC0-301F-11D3-BF4B-00C04F79EFBC}") = "CertifyWeb.Server", "Web\CertifyWeb.Server\CertifyWeb.Server.csproj", "{5E436039-8988-4249-BAD9-CD404BFBE1BB}"
EndProject
Project("{54A90642-561A-4BB1-A94E-469ADEE60C69}") = "certifyweb.client", "Web\certifyweb.client\certifyweb.client.esproj", "{E72B3787-DCA9-488B-AA6E-D0412E1495A9}"
EndProject
Global
	GlobalSection(SolutionConfigurationPlatforms) = preSolution
		Debug|Any CPU = Debug|Any CPU
		Debug|x64 = Debug|x64
		Release|Any CPU = Release|Any CPU
		Release|x64 = Release|x64
	EndGlobalSection
	GlobalSection(ProjectConfigurationPlatforms) = postSolution
		{B2FE099B-E076-4D02-B3D9-D8EFF5D02DE2}.Debug|Any CPU.ActiveCfg = Debug|x64
		{B2FE099B-E076-4D02-B3D9-D8EFF5D02DE2}.Debug|Any CPU.Build.0 = Debug|x64
		{B2FE099B-E076-4D02-B3D9-D8EFF5D02DE2}.Debug|x64.ActiveCfg = Debug|x64
		{B2FE099B-E076-4D02-B3D9-D8EFF5D02DE2}.Debug|x64.Build.0 = Debug|x64
		{B2FE099B-E076-4D02-B3D9-D8EFF5D02DE2}.Release|Any CPU.ActiveCfg = Release|x64
		{B2FE099B-E076-4D02-B3D9-D8EFF5D02DE2}.Release|Any CPU.Build.0 = Release|x64
		{B2FE099B-E076-4D02-B3D9-D8EFF5D02DE2}.Release|x64.ActiveCfg = Release|x64
		{B2FE099B-E076-4D02-B3D9-D8EFF5D02DE2}.Release|x64.Build.0 = Release|x64
		{55E48B4F-8139-403A-9EB2-53B2BD2A9785}.Debug|Any CPU.ActiveCfg = Debug|x64
		{55E48B4F-8139-403A-9EB2-53B2BD2A9785}.Debug|Any CPU.Build.0 = Debug|x64
		{55E48B4F-8139-403A-9EB2-53B2BD2A9785}.Debug|x64.ActiveCfg = Debug|x64
		{55E48B4F-8139-403A-9EB2-53B2BD2A9785}.Debug|x64.Build.0 = Debug|x64
		{55E48B4F-8139-403A-9EB2-53B2BD2A9785}.Release|Any CPU.ActiveCfg = Release|x64
		{55E48B4F-8139-403A-9EB2-53B2BD2A9785}.Release|Any CPU.Build.0 = Release|x64
		{55E48B4F-8139-403A-9EB2-53B2BD2A9785}.Release|x64.ActiveCfg = Release|x64
		{55E48B4F-8139-403A-9EB2-53B2BD2A9785}.Release|x64.Build.0 = Release|x64
		{A2DF31FF-5A1D-4871-B3D2-882F73E46E3A}.Debug|Any CPU.ActiveCfg = Debug|x64
		{A2DF31FF-5A1D-4871-B3D2-882F73E46E3A}.Debug|Any CPU.Build.0 = Debug|x64
		{A2DF31FF-5A1D-4871-B3D2-882F73E46E3A}.Debug|x64.ActiveCfg = Debug|x64
		{A2DF31FF-5A1D-4871-B3D2-882F73E46E3A}.Debug|x64.Build.0 = Debug|x64
		{A2DF31FF-5A1D-4871-B3D2-882F73E46E3A}.Release|Any CPU.ActiveCfg = Release|x64
		{A2DF31FF-5A1D-4871-B3D2-882F73E46E3A}.Release|Any CPU.Build.0 = Release|x64
		{A2DF31FF-5A1D-4871-B3D2-882F73E46E3A}.Release|x64.ActiveCfg = Release|x64
		{A2DF31FF-5A1D-4871-B3D2-882F73E46E3A}.Release|x64.Build.0 = Release|x64
		{A1EA06B5-DA0F-48D7-88D9-8982D73B2CC6}.Debug|Any CPU.ActiveCfg = Debug|x64
		{A1EA06B5-DA0F-48D7-88D9-8982D73B2CC6}.Debug|Any CPU.Build.0 = Debug|x64
		{A1EA06B5-DA0F-48D7-88D9-8982D73B2CC6}.Debug|x64.ActiveCfg = Debug|x64
		{A1EA06B5-DA0F-48D7-88D9-8982D73B2CC6}.Debug|x64.Build.0 = Debug|x64
		{A1EA06B5-DA0F-48D7-88D9-8982D73B2CC6}.Release|Any CPU.ActiveCfg = Release|x64
		{A1EA06B5-DA0F-48D7-88D9-8982D73B2CC6}.Release|Any CPU.Build.0 = Release|x64
		{A1EA06B5-DA0F-48D7-88D9-8982D73B2CC6}.Release|x64.ActiveCfg = Release|x64
		{A1EA06B5-DA0F-48D7-88D9-8982D73B2CC6}.Release|x64.Build.0 = Release|x64
		{26C260F3-6528-4200-87D7-D0D639A40B80}.Debug|Any CPU.ActiveCfg = Debug|x64
		{26C260F3-6528-4200-87D7-D0D639A40B80}.Debug|Any CPU.Build.0 = Debug|x64
		{26C260F3-6528-4200-87D7-D0D639A40B80}.Debug|x64.ActiveCfg = Debug|x64
		{26C260F3-6528-4200-87D7-D0D639A40B80}.Debug|x64.Build.0 = Debug|x64
		{26C260F3-6528-4200-87D7-D0D639A40B80}.Release|Any CPU.ActiveCfg = Release|x64
		{26C260F3-6528-4200-87D7-D0D639A40B80}.Release|Any CPU.Build.0 = Release|x64
		{26C260F3-6528-4200-87D7-D0D639A40B80}.Release|x64.ActiveCfg = Release|x64
		{26C260F3-6528-4200-87D7-D0D639A40B80}.Release|x64.Build.0 = Release|x64
		{48D90C06-F9EF-4C62-8E40-9D15116B701F}.Debug|Any CPU.ActiveCfg = Debug|x64
		{48D90C06-F9EF-4C62-8E40-9D15116B701F}.Debug|Any CPU.Build.0 = Debug|x64
		{48D90C06-F9EF-4C62-8E40-9D15116B701F}.Debug|x64.ActiveCfg = Debug|x64
		{48D90C06-F9EF-4C62-8E40-9D15116B701F}.Debug|x64.Build.0 = Debug|x64
		{48D90C06-F9EF-4C62-8E40-9D15116B701F}.Release|Any CPU.ActiveCfg = Release|x64
		{48D90C06-F9EF-4C62-8E40-9D15116B701F}.Release|Any CPU.Build.0 = Release|x64
		{48D90C06-F9EF-4C62-8E40-9D15116B701F}.Release|x64.ActiveCfg = Release|x64
		{48D90C06-F9EF-4C62-8E40-9D15116B701F}.Release|x64.Build.0 = Release|x64
		{AEEE6DF5-F753-4326-A730-FF6716109D3F}.Debug|Any CPU.ActiveCfg = Debug|x64
		{AEEE6DF5-F753-4326-A730-FF6716109D3F}.Debug|Any CPU.Build.0 = Debug|x64
		{AEEE6DF5-F753-4326-A730-FF6716109D3F}.Debug|x64.ActiveCfg = Debug|x64
		{AEEE6DF5-F753-4326-A730-FF6716109D3F}.Debug|x64.Build.0 = Debug|x64
		{AEEE6DF5-F753-4326-A730-FF6716109D3F}.Release|Any CPU.ActiveCfg = Release|x64
		{AEEE6DF5-F753-4326-A730-FF6716109D3F}.Release|Any CPU.Build.0 = Release|x64
		{AEEE6DF5-F753-4326-A730-FF6716109D3F}.Release|x64.ActiveCfg = Release|x64
		{AEEE6DF5-F753-4326-A730-FF6716109D3F}.Release|x64.Build.0 = Release|x64
		{CB5C5ED1-C414-4445-BD64-EB336BD59306}.Debug|Any CPU.ActiveCfg = Debug|x64
		{CB5C5ED1-C414-4445-BD64-EB336BD59306}.Debug|Any CPU.Build.0 = Debug|x64
		{CB5C5ED1-C414-4445-BD64-EB336BD59306}.Debug|x64.ActiveCfg = Debug|x64
		{CB5C5ED1-C414-4445-BD64-EB336BD59306}.Debug|x64.Build.0 = Debug|x64
		{CB5C5ED1-C414-4445-BD64-EB336BD59306}.Release|Any CPU.ActiveCfg = Release|x64
		{CB5C5ED1-C414-4445-BD64-EB336BD59306}.Release|Any CPU.Build.0 = Release|x64
		{CB5C5ED1-C414-4445-BD64-EB336BD59306}.Release|x64.ActiveCfg = Release|x64
		{CB5C5ED1-C414-4445-BD64-EB336BD59306}.Release|x64.Build.0 = Release|x64
		{33407419-0783-4E54-A97D-B4CAE7CC165B}.Debug|Any CPU.ActiveCfg = Debug|x64
		{33407419-0783-4E54-A97D-B4CAE7CC165B}.Debug|Any CPU.Build.0 = Debug|x64
		{33407419-0783-4E54-A97D-B4CAE7CC165B}.Debug|x64.ActiveCfg = Debug|x64
		{33407419-0783-4E54-A97D-B4CAE7CC165B}.Debug|x64.Build.0 = Debug|x64
		{33407419-0783-4E54-A97D-B4CAE7CC165B}.Release|Any CPU.ActiveCfg = Release|x64
		{33407419-0783-4E54-A97D-B4CAE7CC165B}.Release|Any CPU.Build.0 = Release|x64
		{33407419-0783-4E54-A97D-B4CAE7CC165B}.Release|x64.ActiveCfg = Release|x64
		{33407419-0783-4E54-A97D-B4CAE7CC165B}.Release|x64.Build.0 = Release|x64
		{D080BF33-7330-4CAB-8925-A846107181C4}.Debug|Any CPU.ActiveCfg = Debug|x64
		{D080BF33-7330-4CAB-8925-A846107181C4}.Debug|Any CPU.Build.0 = Debug|x64
		{D080BF33-7330-4CAB-8925-A846107181C4}.Debug|x64.ActiveCfg = Debug|x64
		{D080BF33-7330-4CAB-8925-A846107181C4}.Debug|x64.Build.0 = Debug|x64
		{D080BF33-7330-4CAB-8925-A846107181C4}.Release|Any CPU.ActiveCfg = Release|x64
		{D080BF33-7330-4CAB-8925-A846107181C4}.Release|Any CPU.Build.0 = Release|x64
		{D080BF33-7330-4CAB-8925-A846107181C4}.Release|x64.ActiveCfg = Release|x64
		{D080BF33-7330-4CAB-8925-A846107181C4}.Release|x64.Build.0 = Release|x64
		{E1367243-2BFC-4EA9-B193-8674C1DE26D6}.Debug|Any CPU.ActiveCfg = Debug|x64
		{E1367243-2BFC-4EA9-B193-8674C1DE26D6}.Debug|Any CPU.Build.0 = Debug|x64
		{E1367243-2BFC-4EA9-B193-8674C1DE26D6}.Debug|x64.ActiveCfg = Debug|x64
		{E1367243-2BFC-4EA9-B193-8674C1DE26D6}.Debug|x64.Build.0 = Debug|x64
		{E1367243-2BFC-4EA9-B193-8674C1DE26D6}.Release|Any CPU.ActiveCfg = Release|x64
		{E1367243-2BFC-4EA9-B193-8674C1DE26D6}.Release|Any CPU.Build.0 = Release|x64
		{E1367243-2BFC-4EA9-B193-8674C1DE26D6}.Release|x64.ActiveCfg = Release|x64
		{E1367243-2BFC-4EA9-B193-8674C1DE26D6}.Release|x64.Build.0 = Release|x64
		{C2FC8252-DDF2-434A-B53F-75E9D37B7C2C}.Debug|Any CPU.ActiveCfg = Debug|x64
		{C2FC8252-DDF2-434A-B53F-75E9D37B7C2C}.Debug|Any CPU.Build.0 = Debug|x64
		{C2FC8252-DDF2-434A-B53F-75E9D37B7C2C}.Debug|x64.ActiveCfg = Debug|x64
		{C2FC8252-DDF2-434A-B53F-75E9D37B7C2C}.Debug|x64.Build.0 = Debug|x64
		{C2FC8252-DDF2-434A-B53F-75E9D37B7C2C}.Release|Any CPU.ActiveCfg = Release|x64
		{C2FC8252-DDF2-434A-B53F-75E9D37B7C2C}.Release|Any CPU.Build.0 = Release|x64
		{C2FC8252-DDF2-434A-B53F-75E9D37B7C2C}.Release|x64.ActiveCfg = Release|x64
		{C2FC8252-DDF2-434A-B53F-75E9D37B7C2C}.Release|x64.Build.0 = Release|x64
		{490AD0D4-0B3B-4B40-88CC-E4D2426897D9}.Debug|Any CPU.ActiveCfg = Debug|x64
		{490AD0D4-0B3B-4B40-88CC-E4D2426897D9}.Debug|Any CPU.Build.0 = Debug|x64
		{490AD0D4-0B3B-4B40-88CC-E4D2426897D9}.Debug|x64.ActiveCfg = Debug|x64
		{490AD0D4-0B3B-4B40-88CC-E4D2426897D9}.Debug|x64.Build.0 = Debug|x64
		{490AD0D4-0B3B-4B40-88CC-E4D2426897D9}.Release|Any CPU.ActiveCfg = Release|x64
		{490AD0D4-0B3B-4B40-88CC-E4D2426897D9}.Release|Any CPU.Build.0 = Release|x64
		{490AD0D4-0B3B-4B40-88CC-E4D2426897D9}.Release|x64.ActiveCfg = Release|x64
		{490AD0D4-0B3B-4B40-88CC-E4D2426897D9}.Release|x64.Build.0 = Release|x64
		{DF77950C-3034-4C60-9261-32A0E42963B2}.Debug|Any CPU.ActiveCfg = Debug|x64
		{DF77950C-3034-4C60-9261-32A0E42963B2}.Debug|Any CPU.Build.0 = Debug|x64
		{DF77950C-3034-4C60-9261-32A0E42963B2}.Debug|x64.ActiveCfg = Debug|x64
		{DF77950C-3034-4C60-9261-32A0E42963B2}.Debug|x64.Build.0 = Debug|x64
		{DF77950C-3034-4C60-9261-32A0E42963B2}.Release|Any CPU.ActiveCfg = Release|x64
		{DF77950C-3034-4C60-9261-32A0E42963B2}.Release|Any CPU.Build.0 = Release|x64
		{DF77950C-3034-4C60-9261-32A0E42963B2}.Release|x64.ActiveCfg = Release|x64
		{DF77950C-3034-4C60-9261-32A0E42963B2}.Release|x64.Build.0 = Release|x64
		{FA212575-CD6E-40E7-853A-E88CA5DDCB3C}.Debug|Any CPU.ActiveCfg = Debug|Any CPU
		{FA212575-CD6E-40E7-853A-E88CA5DDCB3C}.Debug|Any CPU.Build.0 = Debug|Any CPU
		{FA212575-CD6E-40E7-853A-E88CA5DDCB3C}.Debug|x64.ActiveCfg = Debug|x64
		{FA212575-CD6E-40E7-853A-E88CA5DDCB3C}.Debug|x64.Build.0 = Debug|x64
		{FA212575-CD6E-40E7-853A-E88CA5DDCB3C}.Release|Any CPU.ActiveCfg = Release|Any CPU
		{FA212575-CD6E-40E7-853A-E88CA5DDCB3C}.Release|Any CPU.Build.0 = Release|Any CPU
		{FA212575-CD6E-40E7-853A-E88CA5DDCB3C}.Release|x64.ActiveCfg = Release|x64
		{FA212575-CD6E-40E7-853A-E88CA5DDCB3C}.Release|x64.Build.0 = Release|x64
		{E13894BE-2E61-4955-985D-FCA6E657BAAA}.Debug|Any CPU.ActiveCfg = Debug|x64
		{E13894BE-2E61-4955-985D-FCA6E657BAAA}.Debug|Any CPU.Build.0 = Debug|x64
		{E13894BE-2E61-4955-985D-FCA6E657BAAA}.Debug|x64.ActiveCfg = Debug|x64
		{E13894BE-2E61-4955-985D-FCA6E657BAAA}.Debug|x64.Build.0 = Debug|x64
		{E13894BE-2E61-4955-985D-FCA6E657BAAA}.Release|Any CPU.ActiveCfg = Release|x64
		{E13894BE-2E61-4955-985D-FCA6E657BAAA}.Release|Any CPU.Build.0 = Release|x64
		{E13894BE-2E61-4955-985D-FCA6E657BAAA}.Release|x64.ActiveCfg = Release|x64
		{E13894BE-2E61-4955-985D-FCA6E657BAAA}.Release|x64.Build.0 = Release|x64
		{D29F009E-56F2-4697-933F-E8085C2A8380}.Debug|Any CPU.ActiveCfg = Debug|Any CPU
		{D29F009E-56F2-4697-933F-E8085C2A8380}.Debug|Any CPU.Build.0 = Debug|Any CPU
		{D29F009E-56F2-4697-933F-E8085C2A8380}.Debug|x64.ActiveCfg = Debug|Any CPU
		{D29F009E-56F2-4697-933F-E8085C2A8380}.Debug|x64.Build.0 = Debug|Any CPU
		{D29F009E-56F2-4697-933F-E8085C2A8380}.Release|Any CPU.ActiveCfg = Release|Any CPU
		{D29F009E-56F2-4697-933F-E8085C2A8380}.Release|Any CPU.Build.0 = Release|Any CPU
		{D29F009E-56F2-4697-933F-E8085C2A8380}.Release|x64.ActiveCfg = Release|Any CPU
		{D29F009E-56F2-4697-933F-E8085C2A8380}.Release|x64.Build.0 = Release|Any CPU
		{0A423F1B-6E59-43E3-B31B-2B61FD0A511C}.Debug|Any CPU.ActiveCfg = Debug|x64
		{0A423F1B-6E59-43E3-B31B-2B61FD0A511C}.Debug|Any CPU.Build.0 = Debug|x64
		{0A423F1B-6E59-43E3-B31B-2B61FD0A511C}.Debug|x64.ActiveCfg = Debug|x64
		{0A423F1B-6E59-43E3-B31B-2B61FD0A511C}.Debug|x64.Build.0 = Debug|x64
		{0A423F1B-6E59-43E3-B31B-2B61FD0A511C}.Release|Any CPU.ActiveCfg = Release|x64
		{0A423F1B-6E59-43E3-B31B-2B61FD0A511C}.Release|Any CPU.Build.0 = Release|x64
		{0A423F1B-6E59-43E3-B31B-2B61FD0A511C}.Release|x64.ActiveCfg = Release|x64
		{0A423F1B-6E59-43E3-B31B-2B61FD0A511C}.Release|x64.Build.0 = Release|x64
		{5E436039-8988-4249-BAD9-CD404BFBE1BB}.Debug|Any CPU.ActiveCfg = Debug|Any CPU
		{5E436039-8988-4249-BAD9-CD404BFBE1BB}.Debug|Any CPU.Build.0 = Debug|Any CPU
		{5E436039-8988-4249-BAD9-CD404BFBE1BB}.Debug|x64.ActiveCfg = Debug|Any CPU
		{5E436039-8988-4249-BAD9-CD404BFBE1BB}.Debug|x64.Build.0 = Debug|Any CPU
		{5E436039-8988-4249-BAD9-CD404BFBE1BB}.Release|Any CPU.ActiveCfg = Release|Any CPU
		{5E436039-8988-4249-BAD9-CD404BFBE1BB}.Release|Any CPU.Build.0 = Release|Any CPU
		{5E436039-8988-4249-BAD9-CD404BFBE1BB}.Release|x64.ActiveCfg = Release|Any CPU
		{5E436039-8988-4249-BAD9-CD404BFBE1BB}.Release|x64.Build.0 = Release|Any CPU
		{E72B3787-DCA9-488B-AA6E-D0412E1495A9}.Debug|Any CPU.ActiveCfg = Debug|Any CPU
		{E72B3787-DCA9-488B-AA6E-D0412E1495A9}.Debug|Any CPU.Build.0 = Debug|Any CPU
		{E72B3787-DCA9-488B-AA6E-D0412E1495A9}.Debug|Any CPU.Deploy.0 = Debug|Any CPU
		{E72B3787-DCA9-488B-AA6E-D0412E1495A9}.Debug|x64.ActiveCfg = Debug|Any CPU
		{E72B3787-DCA9-488B-AA6E-D0412E1495A9}.Debug|x64.Build.0 = Debug|Any CPU
		{E72B3787-DCA9-488B-AA6E-D0412E1495A9}.Debug|x64.Deploy.0 = Debug|Any CPU
		{E72B3787-DCA9-488B-AA6E-D0412E1495A9}.Release|Any CPU.ActiveCfg = Release|Any CPU
		{E72B3787-DCA9-488B-AA6E-D0412E1495A9}.Release|Any CPU.Build.0 = Release|Any CPU
		{E72B3787-DCA9-488B-AA6E-D0412E1495A9}.Release|Any CPU.Deploy.0 = Release|Any CPU
		{E72B3787-DCA9-488B-AA6E-D0412E1495A9}.Release|x64.ActiveCfg = Release|Any CPU
		{E72B3787-DCA9-488B-AA6E-D0412E1495A9}.Release|x64.Build.0 = Release|Any CPU
		{E72B3787-DCA9-488B-AA6E-D0412E1495A9}.Release|x64.Deploy.0 = Release|Any CPU
	EndGlobalSection
	GlobalSection(SolutionProperties) = preSolution
		HideSolutionNode = FALSE
	EndGlobalSection
	GlobalSection(NestedProjects) = preSolution
		{F21CB7B8-6325-4A2B-A192-1F88EF5CAE52} = {7A320D3D-04FD-4285-B515-FA033E01EE79}
		{B2FE099B-E076-4D02-B3D9-D8EFF5D02DE2} = {F21CB7B8-6325-4A2B-A192-1F88EF5CAE52}
		{55E48B4F-8139-403A-9EB2-53B2BD2A9785} = {F21CB7B8-6325-4A2B-A192-1F88EF5CAE52}
		{A2DF31FF-5A1D-4871-B3D2-882F73E46E3A} = {F21CB7B8-6325-4A2B-A192-1F88EF5CAE52}
		{A1EA06B5-DA0F-48D7-88D9-8982D73B2CC6} = {F21CB7B8-6325-4A2B-A192-1F88EF5CAE52}
		{26C260F3-6528-4200-87D7-D0D639A40B80} = {F21CB7B8-6325-4A2B-A192-1F88EF5CAE52}
		{48D90C06-F9EF-4C62-8E40-9D15116B701F} = {F21CB7B8-6325-4A2B-A192-1F88EF5CAE52}
		{AEEE6DF5-F753-4326-A730-FF6716109D3F} = {F21CB7B8-6325-4A2B-A192-1F88EF5CAE52}
		{CB5C5ED1-C414-4445-BD64-EB336BD59306} = {F21CB7B8-6325-4A2B-A192-1F88EF5CAE52}
		{33407419-0783-4E54-A97D-B4CAE7CC165B} = {F21CB7B8-6325-4A2B-A192-1F88EF5CAE52}
		{D080BF33-7330-4CAB-8925-A846107181C4} = {F21CB7B8-6325-4A2B-A192-1F88EF5CAE52}
		{E1367243-2BFC-4EA9-B193-8674C1DE26D6} = {F21CB7B8-6325-4A2B-A192-1F88EF5CAE52}
		{C2FC8252-DDF2-434A-B53F-75E9D37B7C2C} = {F21CB7B8-6325-4A2B-A192-1F88EF5CAE52}
		{490AD0D4-0B3B-4B40-88CC-E4D2426897D9} = {F21CB7B8-6325-4A2B-A192-1F88EF5CAE52}
		{DF77950C-3034-4C60-9261-32A0E42963B2} = {F21CB7B8-6325-4A2B-A192-1F88EF5CAE52}
		{FA212575-CD6E-40E7-853A-E88CA5DDCB3C} = {06EA0446-2C92-4859-AEEE-AB4D92AA1D0D}
		{97D308DA-444F-4B54-A68C-97ADB9D2B9E3} = {7A320D3D-04FD-4285-B515-FA033E01EE79}
		{E13894BE-2E61-4955-985D-FCA6E657BAAA} = {97D308DA-444F-4B54-A68C-97ADB9D2B9E3}
		{D29F009E-56F2-4697-933F-E8085C2A8380} = {CBEF94A6-2C5B-48D8-8434-F4DE9D59331D}
		{0A423F1B-6E59-43E3-B31B-2B61FD0A511C} = {06EA0446-2C92-4859-AEEE-AB4D92AA1D0D}
		{5E436039-8988-4249-BAD9-CD404BFBE1BB} = {4E0E58FB-944B-4D01-BC28-5248FB4053CA}
		{E72B3787-DCA9-488B-AA6E-D0412E1495A9} = {4E0E58FB-944B-4D01-BC28-5248FB4053CA}
	EndGlobalSection
	GlobalSection(ExtensibilityGlobals) = postSolution
		SolutionGuid = {7D87119D-2FD5-4A88-927A-1B3E2F340813}
	EndGlobalSection
EndGlobal
